{
  "object": {
    "pins": [
      {
        "package": "whisper",
        "repositoryURL": "https://github.com/duykienvp/whisper.cpp.git",
        "state": {
          "branch": null,
          "revision": "c118733a29ad4a984015a5c08fd585086d01087a",
          "version": null
        }
      }
    ]
  },
  "version": 1
}
